
Microsoft Visual Studio Solution File, Format Version 12.00
# Visual Studio Version 16
VisualStudioVersion = 16.0.29020.237
MinimumVisualStudioVersion = 10.0.40219.1
Project("{8BC9CEB8-8B4A-11D0-8D11-00A0C91BC942}") = "Lab036", "Lab036.vcxproj", "{05A137E1-B7D0-40E1-8294-D00C24B797D1}"
EndProject
Global
	GlobalSection(SolutionConfigurationPlatforms) = preSolution
		Debug|x64 = Debug|x64
		Debug|x86 = Debug|x86
		Release|x64 = Release|x64
		Release|x86 = Release|x86
	EndGlobalSection
	GlobalSection(ProjectConfigurationPlatforms) = postSolution
		{05A137E1-B7D0-40E1-8294-D00C24B797D1}.Debug|x64.ActiveCfg = Debug|x64
		{05A137E1-B7D0-40E1-8294-D00C24B797D1}.Debug|x64.Build.0 = Debug|x64
		{05A137E1-B7D0-40E1-8294-D00C24B797D1}.Debug|x86.ActiveCfg = Debug|Win32
		{05A137E1-B7D0-40E1-8294-D00C24B797D1}.Debug|x86.Build.0 = Debug|Win32
		{05A137E1-B7D0-40E1-8294-D00C24B797D1}.Release|x64.ActiveCfg = Release|x64
		{05A137E1-B7D0-40E1-8294-D00C24B797D1}.Release|x64.Build.0 = Release|x64
		{05A137E1-B7D0-40E1-8294-D00C24B797D1}.Release|x86.ActiveCfg = Release|Win32
		{05A137E1-B7D0-40E1-8294-D00C24B797D1}.Release|x86.Build.0 = Release|Win32
	EndGlobalSection
	GlobalSection(SolutionProperties) = preSolution
		HideSolutionNode = FALSE
	EndGlobalSection
	GlobalSection(ExtensibilityGlobals) = postSolution
		SolutionGuid = {AA519466-20D5-4D56-A38F-F724EC8DD241}
	EndGlobalSection
EndGlobal
