
Microsoft Visual Studio Solution File, Format Version 12.00
# Visual Studio Version 16
VisualStudioVersion = 16.0.29020.237
MinimumVisualStudioVersion = 10.0.40219.1
Project("{8BC9CEB8-8B4A-11D0-8D11-00A0C91BC942}") = "Lab019", "Lab019.vcxproj", "{11C337E9-5046-43CF-9365-208EB2D02337}"
EndProject
Global
	GlobalSection(SolutionConfigurationPlatforms) = preSolution
		Debug|x64 = Debug|x64
		Debug|x86 = Debug|x86
		Release|x64 = Release|x64
		Release|x86 = Release|x86
	EndGlobalSection
	GlobalSection(ProjectConfigurationPlatforms) = postSolution
		{11C337E9-5046-43CF-9365-208EB2D02337}.Debug|x64.ActiveCfg = Debug|x64
		{11C337E9-5046-43CF-9365-208EB2D02337}.Debug|x64.Build.0 = Debug|x64
		{11C337E9-5046-43CF-9365-208EB2D02337}.Debug|x86.ActiveCfg = Debug|Win32
		{11C337E9-5046-43CF-9365-208EB2D02337}.Debug|x86.Build.0 = Debug|Win32
		{11C337E9-5046-43CF-9365-208EB2D02337}.Release|x64.ActiveCfg = Release|x64
		{11C337E9-5046-43CF-9365-208EB2D02337}.Release|x64.Build.0 = Release|x64
		{11C337E9-5046-43CF-9365-208EB2D02337}.Release|x86.ActiveCfg = Release|Win32
		{11C337E9-5046-43CF-9365-208EB2D02337}.Release|x86.Build.0 = Release|Win32
	EndGlobalSection
	GlobalSection(SolutionProperties) = preSolution
		HideSolutionNode = FALSE
	EndGlobalSection
	GlobalSection(ExtensibilityGlobals) = postSolution
		SolutionGuid = {EBC3F39A-8449-4514-B27C-FA4D3FE3F9B8}
	EndGlobalSection
EndGlobal
