
Microsoft Visual Studio Solution File, Format Version 12.00
# Visual Studio Version 16
VisualStudioVersion = 16.0.29215.179
MinimumVisualStudioVersion = 10.0.40219.1
Project("{8BC9CEB8-8B4A-11D0-8D11-00A0C91BC942}") = "quadratic", "quadratic.vcxproj", "{804333F5-C5D8-4777-91DD-537A95D14F76}"
EndProject
Global
	GlobalSection(SolutionConfigurationPlatforms) = preSolution
		Debug|x64 = Debug|x64
		Debug|x86 = Debug|x86
		Release|x64 = Release|x64
		Release|x86 = Release|x86
	EndGlobalSection
	GlobalSection(ProjectConfigurationPlatforms) = postSolution
		{804333F5-C5D8-4777-91DD-537A95D14F76}.Debug|x64.ActiveCfg = Debug|x64
		{804333F5-C5D8-4777-91DD-537A95D14F76}.Debug|x64.Build.0 = Debug|x64
		{804333F5-C5D8-4777-91DD-537A95D14F76}.Debug|x86.ActiveCfg = Debug|Win32
		{804333F5-C5D8-4777-91DD-537A95D14F76}.Debug|x86.Build.0 = Debug|Win32
		{804333F5-C5D8-4777-91DD-537A95D14F76}.Release|x64.ActiveCfg = Release|x64
		{804333F5-C5D8-4777-91DD-537A95D14F76}.Release|x64.Build.0 = Release|x64
		{804333F5-C5D8-4777-91DD-537A95D14F76}.Release|x86.ActiveCfg = Release|Win32
		{804333F5-C5D8-4777-91DD-537A95D14F76}.Release|x86.Build.0 = Release|Win32
	EndGlobalSection
	GlobalSection(SolutionProperties) = preSolution
		HideSolutionNode = FALSE
	EndGlobalSection
	GlobalSection(ExtensibilityGlobals) = postSolution
		SolutionGuid = {01212FC1-61C1-4B25-93A7-DB790817C141}
	EndGlobalSection
EndGlobal
